// !$*UTF8*$!
{
	archiveVersion = 1;
	classes = {
	};
	objectVersion = 50;
	objects = {

/* Begin PBXBuildFile section */
		A01BA64120EE57D200220247 /* SiestaUI.framework in Frameworks */ = {isa = PBXBuildFile; fileRef = A01BA63F20EE57D200220247 /* SiestaUI.framework */; };
		A01BA64220EE57D200220247 /* Siesta.framework in Frameworks */ = {isa = PBXBuildFile; fileRef = A01BA64020EE57D200220247 /* Siesta.framework */; };
		A01BA64520EE5A3D00220247 /* BusStopAPI.swift in Sources */ = {isa = PBXBuildFile; fileRef = A01BA64420EE5A3D00220247 /* BusStopAPI.swift */; };
		A097BECF20ECE5A600321C50 /* BusStopTableViewCell.swift in Sources */ = {isa = PBXBuildFile; fileRef = A097BECE20ECE5A600321C50 /* BusStopTableViewCell.swift */; };
		A0D61F5E20F7775E00DFABC9 /* BusStopsNetworking.swift in Sources */ = {isa = PBXBuildFile; fileRef = A0D61F5D20F7775E00DFABC9 /* BusStopsNetworking.swift */; };
		A0DE735920EB84E00051C402 /* ButtnoThemes.swift in Sources */ = {isa = PBXBuildFile; fileRef = A0DE735820EB84E00051C402 /* ButtnoThemes.swift */; };
		A0E72E0D20E665EA00732C73 /* AppDelegate.swift in Sources */ = {isa = PBXBuildFile; fileRef = A0E72E0C20E665EA00732C73 /* AppDelegate.swift */; };
		A0E72E1A20E665EC00732C73 /* LaunchScreen.storyboard in Resources */ = {isa = PBXBuildFile; fileRef = A0E72E1820E665EC00732C73 /* LaunchScreen.storyboard */; };
		A0E72E2220E6662000732C73 /* MainScreenViewController.swift in Sources */ = {isa = PBXBuildFile; fileRef = A0E72E2120E6662000732C73 /* MainScreenViewController.swift */; };
		A0FC1B0520EE227E00700388 /* Media.xcassets in Resources */ = {isa = PBXBuildFile; fileRef = A0FC1B0420EE227E00700388 /* Media.xcassets */; };
		A0FC1B1920EE39C700700388 /* BusStopModel.swift in Sources */ = {isa = PBXBuildFile; fileRef = A0FC1B1820EE39C700700388 /* BusStopModel.swift */; };
		A0FD984520F77EA80088E78E /* RealmSwift.framework in Frameworks */ = {isa = PBXBuildFile; fileRef = A0FD984320F77EA20088E78E /* RealmSwift.framework */; };
		A0FD984620F77EA80088E78E /* RealmSwift.framework in Embed Frameworks */ = {isa = PBXBuildFile; fileRef = A0FD984320F77EA20088E78E /* RealmSwift.framework */; settings = {ATTRIBUTES = (CodeSignOnCopy, RemoveHeadersOnCopy, ); }; };
		A0FD984720F77EA80088E78E /* Realm.framework in Frameworks */ = {isa = PBXBuildFile; fileRef = A0FD984420F77EA70088E78E /* Realm.framework */; };
		A0FD984820F77EA80088E78E /* Realm.framework in Embed Frameworks */ = {isa = PBXBuildFile; fileRef = A0FD984420F77EA70088E78E /* Realm.framework */; settings = {ATTRIBUTES = (CodeSignOnCopy, RemoveHeadersOnCopy, ); }; };
/* End PBXBuildFile section */

/* Begin PBXCopyFilesBuildPhase section */
		A0FD984920F77EA80088E78E /* Embed Frameworks */ = {
			isa = PBXCopyFilesBuildPhase;
			buildActionMask = 2147483647;
			dstPath = "";
			dstSubfolderSpec = 10;
			files = (
				A0FD984820F77EA80088E78E /* Realm.framework in Embed Frameworks */,
				A0FD984620F77EA80088E78E /* RealmSwift.framework in Embed Frameworks */,
			);
			name = "Embed Frameworks";
			runOnlyForDeploymentPostprocessing = 0;
		};
/* End PBXCopyFilesBuildPhase section */

/* Begin PBXFileReference section */
		A01BA63F20EE57D200220247 /* SiestaUI.framework */ = {isa = PBXFileReference; lastKnownFileType = wrapper.framework; name = SiestaUI.framework; path = Carthage/Build/iOS/SiestaUI.framework; sourceTree = "<group>"; };
		A01BA64020EE57D200220247 /* Siesta.framework */ = {isa = PBXFileReference; lastKnownFileType = wrapper.framework; name = Siesta.framework; path = Carthage/Build/iOS/Siesta.framework; sourceTree = "<group>"; };
		A01BA64420EE5A3D00220247 /* BusStopAPI.swift */ = {isa = PBXFileReference; lastKnownFileType = sourcecode.swift; path = BusStopAPI.swift; sourceTree = "<group>"; };
		A097BECE20ECE5A600321C50 /* BusStopTableViewCell.swift */ = {isa = PBXFileReference; lastKnownFileType = sourcecode.swift; path = BusStopTableViewCell.swift; sourceTree = "<group>"; };
		A0D61F5D20F7775E00DFABC9 /* BusStopsNetworking.swift */ = {isa = PBXFileReference; lastKnownFileType = sourcecode.swift; path = BusStopsNetworking.swift; sourceTree = "<group>"; };
		A0DE735820EB84E00051C402 /* ButtnoThemes.swift */ = {isa = PBXFileReference; lastKnownFileType = sourcecode.swift; path = ButtnoThemes.swift; sourceTree = "<group>"; };
		A0E72E0920E665EA00732C73 /* VistarPassenger.app */ = {isa = PBXFileReference; explicitFileType = wrapper.application; includeInIndex = 0; path = VistarPassenger.app; sourceTree = BUILT_PRODUCTS_DIR; };
		A0E72E0C20E665EA00732C73 /* AppDelegate.swift */ = {isa = PBXFileReference; lastKnownFileType = sourcecode.swift; path = AppDelegate.swift; sourceTree = "<group>"; };
		A0E72E1920E665EC00732C73 /* Base */ = {isa = PBXFileReference; lastKnownFileType = file.storyboard; name = Base; path = Base.lproj/LaunchScreen.storyboard; sourceTree = "<group>"; };
		A0E72E1B20E665EC00732C73 /* Info.plist */ = {isa = PBXFileReference; lastKnownFileType = text.plist.xml; path = Info.plist; sourceTree = "<group>"; };
		A0E72E2120E6662000732C73 /* MainScreenViewController.swift */ = {isa = PBXFileReference; lastKnownFileType = sourcecode.swift; path = MainScreenViewController.swift; sourceTree = "<group>"; };
		A0FC1B0420EE227E00700388 /* Media.xcassets */ = {isa = PBXFileReference; lastKnownFileType = folder.assetcatalog; path = Media.xcassets; sourceTree = "<group>"; };
		A0FC1B1820EE39C700700388 /* BusStopModel.swift */ = {isa = PBXFileReference; lastKnownFileType = sourcecode.swift; path = BusStopModel.swift; sourceTree = "<group>"; };
		A0FD984320F77EA20088E78E /* RealmSwift.framework */ = {isa = PBXFileReference; lastKnownFileType = wrapper.framework; path = RealmSwift.framework; sourceTree = "<group>"; };
		A0FD984420F77EA70088E78E /* Realm.framework */ = {isa = PBXFileReference; lastKnownFileType = wrapper.framework; path = Realm.framework; sourceTree = "<group>"; };
/* End PBXFileReference section */

/* Begin PBXFrameworksBuildPhase section */
		A0E72E0620E665EA00732C73 /* Frameworks */ = {
			isa = PBXFrameworksBuildPhase;
			buildActionMask = 2147483647;
			files = (
				A0FD984720F77EA80088E78E /* Realm.framework in Frameworks */,
				A01BA64120EE57D200220247 /* SiestaUI.framework in Frameworks */,
				A01BA64220EE57D200220247 /* Siesta.framework in Frameworks */,
				A0FD984520F77EA80088E78E /* RealmSwift.framework in Frameworks */,
			);
			runOnlyForDeploymentPostprocessing = 0;
		};
/* End PBXFrameworksBuildPhase section */

/* Begin PBXGroup section */
		A01BA63E20EE57D200220247 /* Frameworks */ = {
			isa = PBXGroup;
			children = (
				A0FD984420F77EA70088E78E /* Realm.framework */,
				A0FD984320F77EA20088E78E /* RealmSwift.framework */,
				A01BA64020EE57D200220247 /* Siesta.framework */,
				A01BA63F20EE57D200220247 /* SiestaUI.framework */,
			);
			name = Frameworks;
			sourceTree = "<group>";
		};
		A0243CDB20FCA279005D5F7F /* Networking */ = {
			isa = PBXGroup;
			children = (
				A01BA64420EE5A3D00220247 /* BusStopAPI.swift */,
				A0D61F5D20F7775E00DFABC9 /* BusStopsNetworking.swift */,
			);
			name = Networking;
			sourceTree = "<group>";
		};
		A0243CDC20FCAD5B005D5F7F /* common */ = {
			isa = PBXGroup;
			children = (
				A0E72E1820E665EC00732C73 /* LaunchScreen.storyboard */,
				A0FC1B0420EE227E00700388 /* Media.xcassets */,
				A0E72E1B20E665EC00732C73 /* Info.plist */,
			);
			name = common;
			sourceTree = "<group>";
		};
		A0E72E0020E665EA00732C73 = {
			isa = PBXGroup;
			children = (
				A0E72E0B20E665EA00732C73 /* VistarPassenger */,
				A0E72E0A20E665EA00732C73 /* Products */,
				A01BA63E20EE57D200220247 /* Frameworks */,
			);
			sourceTree = "<group>";
		};
		A0E72E0A20E665EA00732C73 /* Products */ = {
			isa = PBXGroup;
			children = (
				A0E72E0920E665EA00732C73 /* VistarPassenger.app */,
			);
			name = Products;
			sourceTree = "<group>";
		};
		A0E72E0B20E665EA00732C73 /* VistarPassenger */ = {
			isa = PBXGroup;
			children = (
				A0E72E0C20E665EA00732C73 /* AppDelegate.swift */,
				A0FC1B1A20EE4D7600700388 /* Model */,
				A0243CDB20FCA279005D5F7F /* Networking */,
				A0E72E2320E6662800732C73 /* View */,
				A0243CDC20FCAD5B005D5F7F /* common */,
			);
			path = VistarPassenger;
			sourceTree = "<group>";
		};
		A0E72E2320E6662800732C73 /* View */ = {
			isa = PBXGroup;
			children = (
				A0E72E2120E6662000732C73 /* MainScreenViewController.swift */,
				A097BECE20ECE5A600321C50 /* BusStopTableViewCell.swift */,
				A0DE735820EB84E00051C402 /* ButtnoThemes.swift */,
			);
			name = View;
			sourceTree = "<group>";
		};
		A0FC1B1A20EE4D7600700388 /* Model */ = {
			isa = PBXGroup;
			children = (
				A0FC1B1820EE39C700700388 /* BusStopModel.swift */,
			);
			name = Model;
			sourceTree = "<group>";
		};
/* End PBXGroup section */

/* Begin PBXNativeTarget section */
		A0E72E0820E665EA00732C73 /* VistarPassenger */ = {
			isa = PBXNativeTarget;
			buildConfigurationList = A0E72E1E20E665EC00732C73 /* Build configuration list for PBXNativeTarget "VistarPassenger" */;
			buildPhases = (
				A0E72E0520E665EA00732C73 /* Sources */,
				A0E72E0620E665EA00732C73 /* Frameworks */,
				A0E72E0720E665EA00732C73 /* Resources */,
				A01BA64320EE57E600220247 /* ShellScript */,
				A0FD984920F77EA80088E78E /* Embed Frameworks */,
				A0FD984C20F781030088E78E /* ShellScript */,
			);
			buildRules = (
			);
			dependencies = (
			);
			name = VistarPassenger;
			productName = "Vistar Panager";
			productReference = A0E72E0920E665EA00732C73 /* VistarPassenger.app */;
			productType = "com.apple.product-type.application";
		};
/* End PBXNativeTarget section */

/* Begin PBXProject section */
		A0E72E0120E665EA00732C73 /* Project object */ = {
			isa = PBXProject;
			attributes = {
				LastSwiftUpdateCheck = 0940;
				LastUpgradeCheck = 0940;
				ORGANIZATIONNAME = me4air;
				TargetAttributes = {
					A0E72E0820E665EA00732C73 = {
						CreatedOnToolsVersion = 9.4.1;
					};
				};
			};
			buildConfigurationList = A0E72E0420E665EA00732C73 /* Build configuration list for PBXProject "VistarPassenger" */;
			compatibilityVersion = "Xcode 9.3";
			developmentRegion = en;
			hasScannedForEncodings = 0;
			knownRegions = (
				en,
				Base,
			);
			mainGroup = A0E72E0020E665EA00732C73;
			productRefGroup = A0E72E0A20E665EA00732C73 /* Products */;
			projectDirPath = "";
			projectRoot = "";
			targets = (
				A0E72E0820E665EA00732C73 /* VistarPassenger */,
			);
		};
/* End PBXProject section */

/* Begin PBXResourcesBuildPhase section */
		A0E72E0720E665EA00732C73 /* Resources */ = {
			isa = PBXResourcesBuildPhase;
			buildActionMask = 2147483647;
			files = (
				A0FC1B0520EE227E00700388 /* Media.xcassets in Resources */,
				A0E72E1A20E665EC00732C73 /* LaunchScreen.storyboard in Resources */,
			);
			runOnlyForDeploymentPostprocessing = 0;
		};
/* End PBXResourcesBuildPhase section */

/* Begin PBXShellScriptBuildPhase section */
		A01BA64320EE57E600220247 /* ShellScript */ = {
			isa = PBXShellScriptBuildPhase;
			buildActionMask = 2147483647;
			files = (
			);
			inputPaths = (
				"$(SRCROOT)/Carthage/Build/iOS/Siesta.framework",
				"$(SRCROOT)/Carthage/Build/iOS/SiestaUI.framework",
			);
			outputPaths = (
			);
			runOnlyForDeploymentPostprocessing = 0;
			shellPath = /bin/sh;
			shellScript = "/usr/local/bin/carthage copy-frameworks";
		};
		A0FD984C20F781030088E78E /* ShellScript */ = {
			isa = PBXShellScriptBuildPhase;
			buildActionMask = 2147483647;
			files = (
			);
			inputPaths = (
			);
			outputPaths = (
			);
			runOnlyForDeploymentPostprocessing = 0;
			shellPath = /bin/sh;
			shellScript = "bash \"${BUILT_PRODUCTS_DIR}/${FRAMEWORKS_FOLDER_PATH}/Realm.framework/strip-frameworks.sh\"";
		};
/* End PBXShellScriptBuildPhase section */

/* Begin PBXSourcesBuildPhase section */
		A0E72E0520E665EA00732C73 /* Sources */ = {
			isa = PBXSourcesBuildPhase;
			buildActionMask = 2147483647;
			files = (
				A0FC1B1920EE39C700700388 /* BusStopModel.swift in Sources */,
				A097BECF20ECE5A600321C50 /* BusStopTableViewCell.swift in Sources */,
				A0E72E0D20E665EA00732C73 /* AppDelegate.swift in Sources */,
				A0D61F5E20F7775E00DFABC9 /* BusStopsNetworking.swift in Sources */,
				A01BA64520EE5A3D00220247 /* BusStopAPI.swift in Sources */,
				A0E72E2220E6662000732C73 /* MainScreenViewController.swift in Sources */,
				A0DE735920EB84E00051C402 /* ButtnoThemes.swift in Sources */,
			);
			runOnlyForDeploymentPostprocessing = 0;
		};
/* End PBXSourcesBuildPhase section */

/* Begin PBXVariantGroup section */
		A0E72E1820E665EC00732C73 /* LaunchScreen.storyboard */ = {
			isa = PBXVariantGroup;
			children = (
				A0E72E1920E665EC00732C73 /* Base */,
			);
			name = LaunchScreen.storyboard;
			sourceTree = "<group>";
		};
/* End PBXVariantGroup section */

/* Begin XCBuildConfiguration section */
		A0E72E1C20E665EC00732C73 /* Debug */ = {
			isa = XCBuildConfiguration;
			buildSettings = {
				ALWAYS_SEARCH_USER_PATHS = NO;
				CLANG_ANALYZER_NONNULL = YES;
				CLANG_ANALYZER_NUMBER_OBJECT_CONVERSION = YES_AGGRESSIVE;
				CLANG_CXX_LANGUAGE_STANDARD = "gnu++14";
				CLANG_CXX_LIBRARY = "libc++";
				CLANG_ENABLE_MODULES = YES;
				CLANG_ENABLE_OBJC_ARC = YES;
				CLANG_ENABLE_OBJC_WEAK = YES;
				CLANG_WARN_BLOCK_CAPTURE_AUTORELEASING = YES;
				CLANG_WARN_BOOL_CONVERSION = YES;
				CLANG_WARN_COMMA = YES;
				CLANG_WARN_CONSTANT_CONVERSION = YES;
				CLANG_WARN_DEPRECATED_OBJC_IMPLEMENTATIONS = YES;
				CLANG_WARN_DIRECT_OBJC_ISA_USAGE = YES_ERROR;
				CLANG_WARN_DOCUMENTATION_COMMENTS = YES;
				CLANG_WARN_EMPTY_BODY = YES;
				CLANG_WARN_ENUM_CONVERSION = YES;
				CLANG_WARN_INFINITE_RECURSION = YES;
				CLANG_WARN_INT_CONVERSION = YES;
				CLANG_WARN_NON_LITERAL_NULL_CONVERSION = YES;
				CLANG_WARN_OBJC_IMPLICIT_RETAIN_SELF = YES;
				CLANG_WARN_OBJC_LITERAL_CONVERSION = YES;
				CLANG_WARN_OBJC_ROOT_CLASS = YES_ERROR;
				CLANG_WARN_RANGE_LOOP_ANALYSIS = YES;
				CLANG_WARN_STRICT_PROTOTYPES = YES;
				CLANG_WARN_SUSPICIOUS_MOVE = YES;
				CLANG_WARN_UNGUARDED_AVAILABILITY = YES_AGGRESSIVE;
				CLANG_WARN_UNREACHABLE_CODE = YES;
				CLANG_WARN__DUPLICATE_METHOD_MATCH = YES;
				CODE_SIGN_IDENTITY = "iPhone Developer";
				COPY_PHASE_STRIP = NO;
				DEBUG_INFORMATION_FORMAT = dwarf;
				ENABLE_STRICT_OBJC_MSGSEND = YES;
				ENABLE_TESTABILITY = YES;
				GCC_C_LANGUAGE_STANDARD = gnu11;
				GCC_DYNAMIC_NO_PIC = NO;
				GCC_NO_COMMON_BLOCKS = YES;
				GCC_OPTIMIZATION_LEVEL = 0;
				GCC_PREPROCESSOR_DEFINITIONS = (
					"DEBUG=1",
					"$(inherited)",
				);
				GCC_WARN_64_TO_32_BIT_CONVERSION = YES;
				GCC_WARN_ABOUT_RETURN_TYPE = YES_ERROR;
				GCC_WARN_UNDECLARED_SELECTOR = YES;
				GCC_WARN_UNINITIALIZED_AUTOS = YES_AGGRESSIVE;
				GCC_WARN_UNUSED_FUNCTION = YES;
				GCC_WARN_UNUSED_VARIABLE = YES;
				IPHONEOS_DEPLOYMENT_TARGET = 11.4;
				MTL_ENABLE_DEBUG_INFO = YES;
				ONLY_ACTIVE_ARCH = YES;
				SDKROOT = iphoneos;
				SWIFT_ACTIVE_COMPILATION_CONDITIONS = DEBUG;
				SWIFT_OPTIMIZATION_LEVEL = "-Onone";
			};
			name = Debug;
		};
		A0E72E1D20E665EC00732C73 /* Release */ = {
			isa = XCBuildConfiguration;
			buildSettings = {
				ALWAYS_SEARCH_USER_PATHS = NO;
				CLANG_ANALYZER_NONNULL = YES;
				CLANG_ANALYZER_NUMBER_OBJECT_CONVERSION = YES_AGGRESSIVE;
				CLANG_CXX_LANGUAGE_STANDARD = "gnu++14";
				CLANG_CXX_LIBRARY = "libc++";
				CLANG_ENABLE_MODULES = YES;
				CLANG_ENABLE_OBJC_ARC = YES;
				CLANG_ENABLE_OBJC_WEAK = YES;
				CLANG_WARN_BLOCK_CAPTURE_AUTORELEASING = YES;
				CLANG_WARN_BOOL_CONVERSION = YES;
				CLANG_WARN_COMMA = YES;
				CLANG_WARN_CONSTANT_CONVERSION = YES;
				CLANG_WARN_DEPRECATED_OBJC_IMPLEMENTATIONS = YES;
				CLANG_WARN_DIRECT_OBJC_ISA_USAGE = YES_ERROR;
				CLANG_WARN_DOCUMENTATION_COMMENTS = YES;
				CLANG_WARN_EMPTY_BODY = YES;
				CLANG_WARN_ENUM_CONVERSION = YES;
				CLANG_WARN_INFINITE_RECURSION = YES;
				CLANG_WARN_INT_CONVERSION = YES;
				CLANG_WARN_NON_LITERAL_NULL_CONVERSION = YES;
				CLANG_WARN_OBJC_IMPLICIT_RETAIN_SELF = YES;
				CLANG_WARN_OBJC_LITERAL_CONVERSION = YES;
				CLANG_WARN_OBJC_ROOT_CLASS = YES_ERROR;
				CLANG_WARN_RANGE_LOOP_ANALYSIS = YES;
				CLANG_WARN_STRICT_PROTOTYPES = YES;
				CLANG_WARN_SUSPICIOUS_MOVE = YES;
				CLANG_WARN_UNGUARDED_AVAILABILITY = YES_AGGRESSIVE;
				CLANG_WARN_UNREACHABLE_CODE = YES;
				CLANG_WARN__DUPLICATE_METHOD_MATCH = YES;
				CODE_SIGN_IDENTITY = "iPhone Developer";
				COPY_PHASE_STRIP = NO;
				DEBUG_INFORMATION_FORMAT = "dwarf-with-dsym";
				ENABLE_NS_ASSERTIONS = NO;
				ENABLE_STRICT_OBJC_MSGSEND = YES;
				GCC_C_LANGUAGE_STANDARD = gnu11;
				GCC_NO_COMMON_BLOCKS = YES;
				GCC_WARN_64_TO_32_BIT_CONVERSION = YES;
				GCC_WARN_ABOUT_RETURN_TYPE = YES_ERROR;
				GCC_WARN_UNDECLARED_SELECTOR = YES;
				GCC_WARN_UNINITIALIZED_AUTOS = YES_AGGRESSIVE;
				GCC_WARN_UNUSED_FUNCTION = YES;
				GCC_WARN_UNUSED_VARIABLE = YES;
				IPHONEOS_DEPLOYMENT_TARGET = 11.4;
				MTL_ENABLE_DEBUG_INFO = NO;
				SDKROOT = iphoneos;
				SWIFT_COMPILATION_MODE = wholemodule;
				SWIFT_OPTIMIZATION_LEVEL = "-O";
				VALIDATE_PRODUCT = YES;
			};
			name = Release;
		};
		A0E72E1F20E665EC00732C73 /* Debug */ = {
			isa = XCBuildConfiguration;
			buildSettings = {
				ASSETCATALOG_COMPILER_APPICON_NAME = AppIcon;
				ASSETCATALOG_COMPILER_LAUNCHIMAGE_NAME = LaunchImage;
				CODE_SIGN_STYLE = Automatic;
				DEVELOPMENT_TEAM = N92YQJ4YN3;
				FRAMEWORK_SEARCH_PATHS = (
					"$(inherited)",
					"$(PROJECT_DIR)/Carthage/Build/iOS",
					"$(PROJECT_DIR)",
				);
				INFOPLIST_FILE = "$(SRCROOT)/VistarPassenger/Info.plist";
				LD_RUNPATH_SEARCH_PATHS = (
					"$(inherited)",
					"@executable_path/Frameworks",
				);
				PRODUCT_BUNDLE_IDENTIFIER = "com.me4air.Vistar-Passenger";
				PRODUCT_NAME = "$(TARGET_NAME)";
				SWIFT_VERSION = 4.0;
				TARGETED_DEVICE_FAMILY = 1;
			};
			name = Debug;
		};
		A0E72E2020E665EC00732C73 /* Release */ = {
			isa = XCBuildConfiguration;
			buildSettings = {
				ASSETCATALOG_COMPILER_APPICON_NAME = AppIcon;
				ASSETCATALOG_COMPILER_LAUNCHIMAGE_NAME = LaunchImage;
				CODE_SIGN_STYLE = Automatic;
				DEVELOPMENT_TEAM = N92YQJ4YN3;
				FRAMEWORK_SEARCH_PATHS = (
					"$(inherited)",
					"$(PROJECT_DIR)/Carthage/Build/iOS",
					"$(PROJECT_DIR)",
				);
				INFOPLIST_FILE = "$(SRCROOT)/VistarPassenger/Info.plist";
				LD_RUNPATH_SEARCH_PATHS = (
					"$(inherited)",
					"@executable_path/Frameworks",
				);
				PRODUCT_BUNDLE_IDENTIFIER = "com.me4air.Vistar-Passenger";
				PRODUCT_NAME = "$(TARGET_NAME)";
				SWIFT_VERSION = 4.0;
				TARGETED_DEVICE_FAMILY = 1;
			};
			name = Release;
		};
/* End XCBuildConfiguration section */

/* Begin XCConfigurationList section */
		A0E72E0420E665EA00732C73 /* Build configuration list for PBXProject "VistarPassenger" */ = {
			isa = XCConfigurationList;
			buildConfigurations = (
				A0E72E1C20E665EC00732C73 /* Debug */,
				A0E72E1D20E665EC00732C73 /* Release */,
			);
			defaultConfigurationIsVisible = 0;
			defaultConfigurationName = Release;
		};
		A0E72E1E20E665EC00732C73 /* Build configuration list for PBXNativeTarget "VistarPassenger" */ = {
			isa = XCConfigurationList;
			buildConfigurations = (
				A0E72E1F20E665EC00732C73 /* Debug */,
				A0E72E2020E665EC00732C73 /* Release */,
			);
			defaultConfigurationIsVisible = 0;
			defaultConfigurationName = Release;
		};
/* End XCConfigurationList section */
	};
	rootObject = A0E72E0120E665EA00732C73 /* Project object */;
}
